{
  "version": 4,
  "terraform_version": "1.7.0",
  "serial": 6,
  "lineage": "099b8433-0694-5576-7731-58ef5fb94925",
  "outputs": {
    "githubActionsRole": {
      "value": "arn:aws:iam::924511948270:role/GithubRunnerRole",
      "type": "string"
    }
  },
  "resources": [
    {
      "mode": "data",
      "type": "tls_certificate",
      "name": "githubActions",
      "provider": "provider[\"registry.terraform.io/hashicorp/tls\"]",
      "instances": [
        {
          "schema_version": 0,
          "attributes": {
            "certificates": [
              {
                "cert_pem": "-----BEGIN CERTIFICATE-----\nMIIEyDCCA7CgAwIBAgIQDPW9BitWAvR6uFAsI8zwZjANBgkqhkiG9w0BAQsFADBh\nMQswCQYDVQQGEwJVUzEVMBMGA1UEChMMRGlnaUNlcnQgSW5jMRkwFwYDVQQLExB3\nd3cuZGlnaWNlcnQuY29tMSAwHgYDVQQDExdEaWdpQ2VydCBHbG9iYWwgUm9vdCBH\nMjAeFw0yMTAzMzAwMDAwMDBaFw0zMTAzMjkyMzU5NTlaMFkxCzAJBgNVBAYTAlVT\nMRUwEwYDVQQKEwxEaWdpQ2VydCBJbmMxMzAxBgNVBAMTKkRpZ2lDZXJ0IEdsb2Jh\nbCBHMiBUTFMgUlNBIFNIQTI1NiAyMDIwIENBMTCCASIwDQYJKoZIhvcNAQEBBQAD\nggEPADCCAQoCggEBAMz3EGJPprtjb+2QUlbFbSd7ehJWivH0+dbn4Y+9lavyYEEV\ncNsSAPonCrVXOFt9slGTcZUOakGUWzUb+nv6u8W+JDD+Vu/E832X4xT1FE3LpxDy\nFuqrIvAxIhFhaZAmunjZlx/jfWardUSVc8is/+9dCopZQ+GssjoP80j812s3wWPc\n3kbW20X+fSP9kOhRBx5Ro1/tSUZUfyyIxfQTnJcVPAPooTncaQwywa8WV0yUR0J8\nosicfebUTVSvQpmowQTCd5zWSOTOEeAqgJnwQ3DPP3Zr0UxJqyRewg2C/Uaoq2yT\nzGJSQnWS+Jr6Xl6ysGHlHx+5fwmY6D36g39HaaECAwEAAaOCAYIwggF+MBIGA1Ud\nEwEB/wQIMAYBAf8CAQAwHQYDVR0OBBYEFHSFgMBmx9833s+9KTeqAx2+7c0XMB8G\nA1UdIwQYMBaAFE4iVCAYlebjbuYP+vq5Eu0GF485MA4GA1UdDwEB/wQEAwIBhjAd\nBgNVHSUEFjAUBggrBgEFBQcDAQYIKwYBBQUHAwIwdgYIKwYBBQUHAQEEajBoMCQG\nCCsGAQUFBzABhhhodHRwOi8vb2NzcC5kaWdpY2VydC5jb20wQAYIKwYBBQUHMAKG\nNGh0dHA6Ly9jYWNlcnRzLmRpZ2ljZXJ0LmNvbS9EaWdpQ2VydEdsb2JhbFJvb3RH\nMi5jcnQwQgYDVR0fBDswOTA3oDWgM4YxaHR0cDovL2NybDMuZGlnaWNlcnQuY29t\nL0RpZ2lDZXJ0R2xvYmFsUm9vdEcyLmNybDA9BgNVHSAENjA0MAsGCWCGSAGG/WwC\nATAHBgVngQwBATAIBgZngQwBAgEwCAYGZ4EMAQICMAgGBmeBDAECAzANBgkqhkiG\n9w0BAQsFAAOCAQEAkPFwyyiXaZd8dP3A+iZ7U6utzWX9upwGnIrXWkOH7U1MVl+t\nwcW1BSAuWdH/SvWgKtiwla3JLko716f2b4gp/DA/JIS7w7d7kwcsr4drdjPtAFVS\nslme5LnQ89/nD/7d+MS5EHKBCQRfz5eeLjJ1js+aWNJXMX43AYGyZm0pGrFmCW3R\nbpD0ufovARTFXFZkAdl9h6g4U5+LXUZtXMYnhIHUfoyMo5tS58aI7Dd8KvvwVVo4\nchDYABPPTHPbqjc1qCmBaZx2vN4Ye5DUys/vZwP9BFohFrH/6j/f3IL16/RZkiMN\nJCqVJUzKoZHm1Lesh3Sz8W2jmdv51b2EQJ8HmA==\n-----END CERTIFICATE-----\n",
                "is_ca": true,
                "issuer": "CN=DigiCert Global Root G2,OU=www.digicert.com,O=DigiCert Inc,C=US",
                "not_after": "2031-03-29T23:59:59Z",
                "not_before": "2021-03-30T00:00:00Z",
                "public_key_algorithm": "RSA",
                "serial_number": "17226682543955925492517929723242541158",
                "sha1_fingerprint": "1b511abead59c6ce207077c0bf0e0043b1382612",
                "signature_algorithm": "SHA256-RSA",
                "subject": "CN=DigiCert Global G2 TLS RSA SHA256 2020 CA1,O=DigiCert Inc,C=US",
                "version": 3
              },
              {
                "cert_pem": "-----BEGIN CERTIFICATE-----\nMIIIFTCCBv2gAwIBAgIQDxkWd9NEGyNLw9bIZv2g1TANBgkqhkiG9w0BAQsFADBZ\nMQswCQYDVQQGEwJVUzEVMBMGA1UEChMMRGlnaUNlcnQgSW5jMTMwMQYDVQQDEypE\naWdpQ2VydCBHbG9iYWwgRzIgVExTIFJTQSBTSEEyNTYgMjAyMCBDQTEwHhcNMjMw\nODA4MDAwMDAwWhcNMjQwODA3MjM1OTU5WjB7MQswCQYDVQQGEwJVUzETMBEGA1UE\nCBMKQ2FsaWZvcm5pYTEWMBQGA1UEBxMNU2FuIEZyYW5jaXNjbzEVMBMGA1UEChMM\nR2l0SHViLCBJbmMuMSgwJgYDVQQDDB8qLmFjdGlvbnMuZ2l0aHVidXNlcmNvbnRl\nbnQuY29tMIICIjANBgkqhkiG9w0BAQEFAAOCAg8AMIICCgKCAgEA4k8a9OWAmzfL\nZxLhbc70DP0uye9h+hFQ0CXKM5nq5lR0FNgycGr3xZPmKTR9wwR0Y3kmXN/mL23h\nvgnflw9Y1Zf8oE6PPOROTsYRliw6lTtgxyscpH7eWtVDXTSxytTSVI7r44S6ebtp\nXsxTG1MVtnS65OQe6iEgiW8NG+mfb4oSC0yC98tC9hW0qeNs1l00+fYMiwRojBx5\nXrTy0AbLyznx1nF4KGn4FR5qAOPhsUI3+7/jYEuZT5GTKxOizmujTvYLbo4sVgoj\nRdQJYYS1IKyp669UAkvKOxHDrAH+ugKDfTEvwdQIbsUXPvnQwnEJ4q2hj2y+Peg8\nNmQ/YfK0oVq0rNxNe3WFSSAZN3ntenDpy9H2sWEecxg00IbfHRHuW1fosZ38pCoC\ncTBCFVQN6/ECOGC+iJPo3hrhqHCxnLLVB0+s3tgM1WxQ3bNPwp5NHpDvxTnGfvIC\nXgT5buix8wf+Xld5mNiNACKBoqhdzIQga9cvQU85sPU0MBGiurfh/1G0TSLT0dJW\nzadok5vzPKSelNhn9WlDGE9RdkgzNOYLvHGiAkfoukMOXoyybNPnD/9CNMKjbILA\ngL6iMpY9xOAoF5Q133sB//NzI5i9AqW/+dZCjicwOS+4wuPyqVvabuSmZyqbwc6I\nNMS60oDnFSeddrJju4zJXlsx+pnOXBsCAwEAAaOCA7UwggOxMB8GA1UdIwQYMBaA\nFHSFgMBmx9833s+9KTeqAx2+7c0XMB0GA1UdDgQWBBR7WOKzctV85ISMI+MTPlnm\nqUqgfzBJBgNVHREEQjBAgh8qLmFjdGlvbnMuZ2l0aHVidXNlcmNvbnRlbnQuY29t\ngh1hY3Rpb25zLmdpdGh1YnVzZXJjb250ZW50LmNvbTAOBgNVHQ8BAf8EBAMCBaAw\nHQYDVR0lBBYwFAYIKwYBBQUHAwEGCCsGAQUFBwMCMIGfBgNVHR8EgZcwgZQwSKBG\noESGQmh0dHA6Ly9jcmwzLmRpZ2ljZXJ0LmNvbS9EaWdpQ2VydEdsb2JhbEcyVExT\nUlNBU0hBMjU2MjAyMENBMS0xLmNybDBIoEagRIZCaHR0cDovL2NybDQuZGlnaWNl\ncnQuY29tL0RpZ2lDZXJ0R2xvYmFsRzJUTFNSU0FTSEEyNTYyMDIwQ0ExLTEuY3Js\nMD4GA1UdIAQ3MDUwMwYGZ4EMAQICMCkwJwYIKwYBBQUHAgEWG2h0dHA6Ly93d3cu\nZGlnaWNlcnQuY29tL0NQUzCBhwYIKwYBBQUHAQEEezB5MCQGCCsGAQUFBzABhhho\ndHRwOi8vb2NzcC5kaWdpY2VydC5jb20wUQYIKwYBBQUHMAKGRWh0dHA6Ly9jYWNl\ncnRzLmRpZ2ljZXJ0LmNvbS9EaWdpQ2VydEdsb2JhbEcyVExTUlNBU0hBMjU2MjAy\nMENBMS0xLmNydDAJBgNVHRMEAjAAMIIBfAYKKwYBBAHWeQIEAgSCAWwEggFoAWYA\ndQDuzdBk1dsazsVct520zROiModGfLzs3sNRSFlGcR+1mwAAAYnWg4KeAAAEAwBG\nMEQCID49I0TCb/sfFom/gWdAAnAwY0lLg1a3ZheSuUuUZ/awAiBbY+RyBJAsFyIs\nTyjgo7x482okkqoEUdFHNVofmPny9wB1AEiw42vapkc0D+VqAvqdMOscUgHLVt0s\ngdm7v6s52IRzAAABidaDgtcAAAQDAEYwRAIgIjkhLyUFmcZH3M1Eg3br6jjS9XbX\nXteoTjckvYKB9NwCIGjI4b9spIT1JTDzzH4rMfd83028BRS/s0iDYJwlCroXAHYA\nPxdLT9ciR1iUHWUchL4NEu2QN38fhWrrwb8ohez4ZG4AAAGJ1oOCzgAABAMARzBF\nAiEAqjq/OMQ4ObREbWai8DoNZFKxzOArT95JzaPSZoeCf8ECIClHjtZ/Qm4oXBSe\nRfItIOyz7sC6TytYDtVHRdPs7PryMA0GCSqGSIb3DQEBCwUAA4IBAQCGObelVNjx\n/I1+aLKX7N8yB5vz26+y8q0qYmdBti2iAhfdQfLER8QRIwNeZRFy3qoHXk2uyZhB\nLkGv1vXTGWG7DTa0gwZKrvaWPFnx29e0MIpnS2XvnBxa7REYkbz3tbrSmybVKiHU\nPVANgJHDlTyGteHJ6Fpbti0v462jra+hddMEw1JG5K5G4GGgEBoFCaMm2AT3m3FK\njdqGPjFPuK8LZyoYaxGWtddxlzjxGhrkKJFbJmzBGVG48GzKhkRakerp85lTVHh7\nBD+/hhmANDvnnPtCGycYr+tCqz6x2Czl3Jhl8Jq9avYYkINgISgFfTWkTFCyB3QC\nAVK+YgnibWYr\n-----END CERTIFICATE-----\n",
                "is_ca": false,
                "issuer": "CN=DigiCert Global G2 TLS RSA SHA256 2020 CA1,O=DigiCert Inc,C=US",
                "not_after": "2024-08-07T23:59:59Z",
                "not_before": "2023-08-08T00:00:00Z",
                "public_key_algorithm": "RSA",
                "serial_number": "20068683064783400501503996458270826709",
                "sha1_fingerprint": "959cb2b52b4ad201a593847abca32ff48f838c2e",
                "signature_algorithm": "SHA256-RSA",
                "subject": "CN=*.actions.githubusercontent.com,O=GitHub\\, Inc.,L=San Francisco,ST=California,C=US",
                "version": 3
              }
            ],
            "content": null,
            "id": "43add1749d6d9832e0a8fca0784941273380c63a",
            "url": "https://token.actions.githubusercontent.com",
            "verify_chain": true
          },
          "sensitive_attributes": []
        }
      ]
    },
    {
      "mode": "managed",
      "type": "aws_dynamodb_table",
      "name": "terraform_state_lock",
      "provider": "provider[\"registry.terraform.io/hashicorp/aws\"]",
      "instances": [
        {
          "schema_version": 1,
          "attributes": {
            "arn": "arn:aws:dynamodb:eu-west-1:924511948270:table/924511948270-state",
            "attribute": [
              {
                "name": "LockID",
                "type": "S"
              }
            ],
            "billing_mode": "PROVISIONED",
            "deletion_protection_enabled": false,
            "global_secondary_index": [],
            "hash_key": "LockID",
            "id": "924511948270-state",
            "import_table": [],
            "local_secondary_index": [],
            "name": "924511948270-state",
            "point_in_time_recovery": [
              {
                "enabled": false
              }
            ],
            "range_key": null,
            "read_capacity": 1,
            "replica": [],
            "restore_date_time": null,
            "restore_source_name": null,
            "restore_to_latest_time": null,
            "server_side_encryption": [],
            "stream_arn": "",
            "stream_enabled": false,
            "stream_label": "",
            "stream_view_type": "",
            "table_class": "STANDARD",
            "tags": null,
            "tags_all": {
              "created-using": "terraform",
              "owner": "ryan.trickett@bbd.co.za"
            },
            "timeouts": null,
            "ttl": [
              {
                "attribute_name": "",
                "enabled": false
              }
            ],
            "write_capacity": 1
          },
          "sensitive_attributes": [],
          "private": "eyJlMmJmYjczMC1lY2FhLTExZTYtOGY4OC0zNDM2M2JjN2M0YzAiOnsiY3JlYXRlIjoxODAwMDAwMDAwMDAwLCJkZWxldGUiOjYwMDAwMDAwMDAwMCwidXBkYXRlIjozNjAwMDAwMDAwMDAwfSwic2NoZW1hX3ZlcnNpb24iOiIxIn0="
        }
      ]
    },
    {
      "mode": "managed",
      "type": "aws_iam_openid_connect_provider",
      "name": "githubActions",
      "provider": "provider[\"registry.terraform.io/hashicorp/aws\"]",
      "instances": [
        {
          "schema_version": 0,
          "attributes": {
            "arn": "arn:aws:iam::924511948270:oidc-provider/token.actions.githubusercontent.com",
            "client_id_list": [
              "sts.amazonaws.com"
            ],
            "id": "arn:aws:iam::924511948270:oidc-provider/token.actions.githubusercontent.com",
            "tags": null,
            "tags_all": {
              "created-using": "terraform",
              "owner": "ryan.trickett@bbd.co.za"
            },
            "thumbprint_list": [
              "1b511abead59c6ce207077c0bf0e0043b1382612",
              "959cb2b52b4ad201a593847abca32ff48f838c2e",
              "6938fd4d98bab03faadb97b34396831e3780aea1",
              "1c58a3a8518e8759bf075b76b750d4f2df264fcd"
            ],
            "url": "token.actions.githubusercontent.com"
          },
          "sensitive_attributes": [],
          "private": "bnVsbA==",
          "dependencies": [
            "data.tls_certificate.githubActions"
          ]
        }
      ]
    },
    {
      "mode": "managed",
      "type": "aws_iam_role",
      "name": "githubActions",
      "provider": "provider[\"registry.terraform.io/hashicorp/aws\"]",
      "instances": [
        {
          "schema_version": 0,
          "attributes": {
            "arn": "arn:aws:iam::924511948270:role/GithubRunnerRole",
            "assume_role_policy": "{\"Statement\":[{\"Action\":\"sts:AssumeRoleWithWebIdentity\",\"Condition\":{\"StringEquals\":{\"token.actions.githubusercontent.com:aud\":\"sts.amazonaws.com\"},\"StringLike\":{\"token.actions.githubusercontent.com:sub\":\"repo:bbd-miniconomy-commercial-bank/*:*\"}},\"Effect\":\"Allow\",\"Principal\":{\"Federated\":\"arn:aws:iam::924511948270:oidc-provider/token.actions.githubusercontent.com\"}}],\"Version\":\"2012-10-17\"}",
            "create_date": "2024-07-22T06:31:50Z",
            "description": "",
            "force_detach_policies": false,
            "id": "GithubRunnerRole",
            "inline_policy": [],
            "managed_policy_arns": [
              "arn:aws:iam::aws:policy/AdministratorAccess"
            ],
            "max_session_duration": 3600,
            "name": "GithubRunnerRole",
            "name_prefix": "",
            "path": "/",
            "permissions_boundary": "",
            "tags": null,
            "tags_all": {
              "created-using": "terraform",
              "owner": "ryan.trickett@bbd.co.za"
            },
            "unique_id": "AROA5OQJUZXXO3I6OQEMA"
          },
          "sensitive_attributes": [],
          "private": "bnVsbA=="
        }
      ]
    },
    {
      "mode": "managed",
      "type": "aws_s3_bucket",
      "name": "terraform_state",
      "provider": "provider[\"registry.terraform.io/hashicorp/aws\"]",
      "instances": [
        {
          "schema_version": 0,
          "attributes": {
            "acceleration_status": "",
            "acl": null,
            "arn": "arn:aws:s3:::924511948270-state",
            "bucket": "924511948270-state",
            "bucket_domain_name": "924511948270-state.s3.amazonaws.com",
            "bucket_prefix": "",
            "bucket_regional_domain_name": "924511948270-state.s3.eu-west-1.amazonaws.com",
            "cors_rule": [],
            "force_destroy": true,
            "grant": [
              {
                "id": "66bf256bae5655a4801c9eb1e7073c8ebacc81f07cae6d5ba9912cda09b9bae9",
                "permissions": [
                  "FULL_CONTROL"
                ],
                "type": "CanonicalUser",
                "uri": ""
              }
            ],
            "hosted_zone_id": "Z1BKCTXD74EZPE",
            "id": "924511948270-state",
            "lifecycle_rule": [],
            "logging": [],
            "object_lock_configuration": [],
            "object_lock_enabled": false,
            "policy": "",
            "region": "eu-west-1",
            "replication_configuration": [],
            "request_payer": "BucketOwner",
            "server_side_encryption_configuration": [
              {
                "rule": [
                  {
                    "apply_server_side_encryption_by_default": [
                      {
                        "kms_master_key_id": "",
                        "sse_algorithm": "AES256"
                      }
                    ],
                    "bucket_key_enabled": false
                  }
                ]
              }
            ],
            "tags": null,
            "tags_all": {
              "created-using": "terraform",
              "owner": "ryan.trickett@bbd.co.za"
            },
            "timeouts": null,
            "versioning": [
              {
                "enabled": false,
                "mfa_delete": false
              }
            ],
            "website": [],
            "website_domain": null,
            "website_endpoint": null
          },
          "sensitive_attributes": [],
          "private": "eyJlMmJmYjczMC1lY2FhLTExZTYtOGY4OC0zNDM2M2JjN2M0YzAiOnsiY3JlYXRlIjoxMjAwMDAwMDAwMDAwLCJkZWxldGUiOjM2MDAwMDAwMDAwMDAsInJlYWQiOjEyMDAwMDAwMDAwMDAsInVwZGF0ZSI6MTIwMDAwMDAwMDAwMH19"
        }
      ]
    },
    {
      "mode": "managed",
      "type": "aws_s3_bucket_versioning",
      "name": "terraform_state",
      "provider": "provider[\"registry.terraform.io/hashicorp/aws\"]",
      "instances": [
        {
          "schema_version": 0,
          "attributes": {
            "bucket": "924511948270-state",
            "expected_bucket_owner": "",
            "id": "924511948270-state",
            "mfa": null,
            "versioning_configuration": [
              {
                "mfa_delete": "",
                "status": "Enabled"
              }
            ]
          },
          "sensitive_attributes": [],
          "private": "bnVsbA==",
          "dependencies": [
            "aws_s3_bucket.terraform_state"
          ]
        }
      ]
    }
  ],
  "check_results": null
}
